
Microsoft Visual Studio Solution File, Format Version 12.00
# Visual Studio Version 17
VisualStudioVersion = 17.0.31903.59
MinimumVisualStudioVersion = 10.0.40219.1
Project("{FAE04EC0-301F-11D3-BF4B-00C04F79EFBC}") = "AsyncStreamingNet5", "AsyncStreamingNet5\AsyncStreamingNet5.csproj", "{BD672952-A15C-44E2-843D-082426F5ECB4}"
EndProject
Project("{9A19103F-16F7-4668-BE54-9A1E7A4F7556}") = "AsyncStreamingNet6", "AsyncStreamingNet6\AsyncStreamingNet6.csproj", "{4EE3CC27-B7E1-4784-A8B1-7A605AA53018}"
EndProject
Global
	GlobalSection(SolutionConfigurationPlatforms) = preSolution
		Debug|Any CPU = Debug|Any CPU
		Release|Any CPU = Release|Any CPU
	EndGlobalSection
	GlobalSection(ProjectConfigurationPlatforms) = postSolution
		{BD672952-A15C-44E2-843D-082426F5ECB4}.Debug|Any CPU.ActiveCfg = Debug|Any CPU
		{BD672952-A15C-44E2-843D-082426F5ECB4}.Debug|Any CPU.Build.0 = Debug|Any CPU
		{BD672952-A15C-44E2-843D-082426F5ECB4}.Release|Any CPU.ActiveCfg = Release|Any CPU
		{BD672952-A15C-44E2-843D-082426F5ECB4}.Release|Any CPU.Build.0 = Release|Any CPU
		{4EE3CC27-B7E1-4784-A8B1-7A605AA53018}.Debug|Any CPU.ActiveCfg = Debug|Any CPU
		{4EE3CC27-B7E1-4784-A8B1-7A605AA53018}.Debug|Any CPU.Build.0 = Debug|Any CPU
		{4EE3CC27-B7E1-4784-A8B1-7A605AA53018}.Release|Any CPU.ActiveCfg = Release|Any CPU
		{4EE3CC27-B7E1-4784-A8B1-7A605AA53018}.Release|Any CPU.Build.0 = Release|Any CPU
	EndGlobalSection
	GlobalSection(SolutionProperties) = preSolution
		HideSolutionNode = FALSE
	EndGlobalSection
	GlobalSection(ExtensibilityGlobals) = postSolution
		SolutionGuid = {CBE2C4E1-79B4-45B3-9230-CA37551BC385}
	EndGlobalSection
EndGlobal
